
Microsoft Visual Studio Solution File, Format Version 12.00
# Visual Studio Version 17
VisualStudioVersion = 17.6.33829.357
MinimumVisualStudioVersion = 10.0.40219.1
Project("{2150E333-8FDC-42A3-9474-1A3956D46DE8}") = "Services", "Services", "{4BBA996F-D96D-42FD-A466-56113AE3A82F}"
EndProject
Project("{2150E333-8FDC-42A3-9474-1A3956D46DE8}") = "Catalog", "Catalog", "{0258FBBC-2EEA-460F-98F5-983B9D9F395F}"
EndProject
Project("{9A19103F-16F7-4668-BE54-9A1E7A4F7556}") = "Catalog.API", "Catalog.API\Catalog.API.csproj", "{4FB9BAC9-1CFD-4B44-B317-798CD276CB56}"
EndProject
Project("{E53339B2-1760-4266-BCC7-CA923CBCF16C}") = "docker-compose", "docker-compose.dcproj", "{E5FA306C-31E1-4437-88A7-112D469CFF2C}"
EndProject
Project("{2150E333-8FDC-42A3-9474-1A3956D46DE8}") = "Basket", "Basket", "{5FBFC00C-675C-44BA-891D-A55DE9AC0A29}"
EndProject
Project("{9A19103F-16F7-4668-BE54-9A1E7A4F7556}") = "Basket.API", "Basket.API\Basket.API.csproj", "{D37F10C5-53FA-4B91-BE2C-DFF4F3D7A306}"
EndProject
Project("{2150E333-8FDC-42A3-9474-1A3956D46DE8}") = "Discount", "Discount", "{22CAEA9C-5E9D-43F5-A79D-25AEB1A030A3}"
EndProject
Project("{9A19103F-16F7-4668-BE54-9A1E7A4F7556}") = "Discount.API", "Discount.API\Discount.API.csproj", "{456A937A-158A-4C86-8F51-F60B50014E4A}"
EndProject
Project("{9A19103F-16F7-4668-BE54-9A1E7A4F7556}") = "Discount.Grpc", "Discount.Grpc\Discount.Grpc.csproj", "{B9AD7905-E457-4574-B44F-901524C9E42E}"
EndProject
Project("{2150E333-8FDC-42A3-9474-1A3956D46DE8}") = "Ordering", "Ordering", "{7B165B04-22B1-43E6-A310-65C037E433C1}"
EndProject
Project("{9A19103F-16F7-4668-BE54-9A1E7A4F7556}") = "Ordering.API", "Ordering.API\Ordering.API.csproj", "{6268F0B8-DF8D-43EB-8590-B98588882430}"
EndProject
Project("{9A19103F-16F7-4668-BE54-9A1E7A4F7556}") = "Ordering.Domain", "Ordering.Domain\Ordering.Domain.csproj", "{EBF3342E-7922-40BE-A010-4EF26A21EDA1}"
EndProject
Project("{9A19103F-16F7-4668-BE54-9A1E7A4F7556}") = "Ordering.Application", "Ordering.Application\Ordering.Application.csproj", "{3C71C5F4-1AFA-4972-A778-21BB3DB462E4}"
EndProject
Project("{9A19103F-16F7-4668-BE54-9A1E7A4F7556}") = "Ordering.Infrastructure", "Ordering.Infrastructure\Ordering.Infrastructure.csproj", "{B6823ADF-4F06-49F5-91DB-12091F3F4DEA}"
EndProject
Project("{2150E333-8FDC-42A3-9474-1A3956D46DE8}") = "BuildingBlocks", "BuildingBlocks", "{78B88F58-4D09-4572-B4EF-EFC61EEDE869}"
EndProject
Project("{9A19103F-16F7-4668-BE54-9A1E7A4F7556}") = "EventBus.Messages", "BuildingBlocks\EventBus.Messages\EventBus.Messages.csproj", "{9D20E210-5968-4380-9951-2DBEA6C68D32}"
EndProject
Project("{2150E333-8FDC-42A3-9474-1A3956D46DE8}") = "ApiGateways", "ApiGateways", "{401D4238-AF41-4B64-9564-41B07A1E8BA7}"
EndProject
Project("{9A19103F-16F7-4668-BE54-9A1E7A4F7556}") = "OcelotApiGw", "ApiGateways\OcelotApiGw\OcelotApiGw.csproj", "{C4547258-8BEF-43CB-A914-1645B3E65D1D}"
EndProject
Project("{FAE04EC0-301F-11D3-BF4B-00C04F79EFBC}") = "Shopping.Aggregator", "ApiGateways\Shopping.Aggregator\Shopping.Aggregator.csproj", "{1CF85548-DBA8-4984-934E-04C2225A4280}"
EndProject
Global
	GlobalSection(SolutionConfigurationPlatforms) = preSolution
		Debug|Any CPU = Debug|Any CPU
		Release|Any CPU = Release|Any CPU
	EndGlobalSection
	GlobalSection(ProjectConfigurationPlatforms) = postSolution
		{4FB9BAC9-1CFD-4B44-B317-798CD276CB56}.Debug|Any CPU.ActiveCfg = Debug|Any CPU
		{4FB9BAC9-1CFD-4B44-B317-798CD276CB56}.Debug|Any CPU.Build.0 = Debug|Any CPU
		{4FB9BAC9-1CFD-4B44-B317-798CD276CB56}.Release|Any CPU.ActiveCfg = Release|Any CPU
		{4FB9BAC9-1CFD-4B44-B317-798CD276CB56}.Release|Any CPU.Build.0 = Release|Any CPU
		{E5FA306C-31E1-4437-88A7-112D469CFF2C}.Debug|Any CPU.ActiveCfg = Debug|Any CPU
		{E5FA306C-31E1-4437-88A7-112D469CFF2C}.Debug|Any CPU.Build.0 = Debug|Any CPU
		{E5FA306C-31E1-4437-88A7-112D469CFF2C}.Release|Any CPU.ActiveCfg = Release|Any CPU
		{E5FA306C-31E1-4437-88A7-112D469CFF2C}.Release|Any CPU.Build.0 = Release|Any CPU
		{D37F10C5-53FA-4B91-BE2C-DFF4F3D7A306}.Debug|Any CPU.ActiveCfg = Debug|Any CPU
		{D37F10C5-53FA-4B91-BE2C-DFF4F3D7A306}.Debug|Any CPU.Build.0 = Debug|Any CPU
		{D37F10C5-53FA-4B91-BE2C-DFF4F3D7A306}.Release|Any CPU.ActiveCfg = Release|Any CPU
		{D37F10C5-53FA-4B91-BE2C-DFF4F3D7A306}.Release|Any CPU.Build.0 = Release|Any CPU
		{456A937A-158A-4C86-8F51-F60B50014E4A}.Debug|Any CPU.ActiveCfg = Debug|Any CPU
		{456A937A-158A-4C86-8F51-F60B50014E4A}.Debug|Any CPU.Build.0 = Debug|Any CPU
		{456A937A-158A-4C86-8F51-F60B50014E4A}.Release|Any CPU.ActiveCfg = Release|Any CPU
		{456A937A-158A-4C86-8F51-F60B50014E4A}.Release|Any CPU.Build.0 = Release|Any CPU
		{B9AD7905-E457-4574-B44F-901524C9E42E}.Debug|Any CPU.ActiveCfg = Debug|Any CPU
		{B9AD7905-E457-4574-B44F-901524C9E42E}.Debug|Any CPU.Build.0 = Debug|Any CPU
		{B9AD7905-E457-4574-B44F-901524C9E42E}.Release|Any CPU.ActiveCfg = Release|Any CPU
		{B9AD7905-E457-4574-B44F-901524C9E42E}.Release|Any CPU.Build.0 = Release|Any CPU
		{6268F0B8-DF8D-43EB-8590-B98588882430}.Debug|Any CPU.ActiveCfg = Debug|Any CPU
		{6268F0B8-DF8D-43EB-8590-B98588882430}.Debug|Any CPU.Build.0 = Debug|Any CPU
		{6268F0B8-DF8D-43EB-8590-B98588882430}.Release|Any CPU.ActiveCfg = Release|Any CPU
		{6268F0B8-DF8D-43EB-8590-B98588882430}.Release|Any CPU.Build.0 = Release|Any CPU
		{EBF3342E-7922-40BE-A010-4EF26A21EDA1}.Debug|Any CPU.ActiveCfg = Debug|Any CPU
		{EBF3342E-7922-40BE-A010-4EF26A21EDA1}.Debug|Any CPU.Build.0 = Debug|Any CPU
		{EBF3342E-7922-40BE-A010-4EF26A21EDA1}.Release|Any CPU.ActiveCfg = Release|Any CPU
		{EBF3342E-7922-40BE-A010-4EF26A21EDA1}.Release|Any CPU.Build.0 = Release|Any CPU
		{3C71C5F4-1AFA-4972-A778-21BB3DB462E4}.Debug|Any CPU.ActiveCfg = Debug|Any CPU
		{3C71C5F4-1AFA-4972-A778-21BB3DB462E4}.Debug|Any CPU.Build.0 = Debug|Any CPU
		{3C71C5F4-1AFA-4972-A778-21BB3DB462E4}.Release|Any CPU.ActiveCfg = Release|Any CPU
		{3C71C5F4-1AFA-4972-A778-21BB3DB462E4}.Release|Any CPU.Build.0 = Release|Any CPU
		{B6823ADF-4F06-49F5-91DB-12091F3F4DEA}.Debug|Any CPU.ActiveCfg = Debug|Any CPU
		{B6823ADF-4F06-49F5-91DB-12091F3F4DEA}.Debug|Any CPU.Build.0 = Debug|Any CPU
		{B6823ADF-4F06-49F5-91DB-12091F3F4DEA}.Release|Any CPU.ActiveCfg = Release|Any CPU
		{B6823ADF-4F06-49F5-91DB-12091F3F4DEA}.Release|Any CPU.Build.0 = Release|Any CPU
		{9D20E210-5968-4380-9951-2DBEA6C68D32}.Debug|Any CPU.ActiveCfg = Debug|Any CPU
		{9D20E210-5968-4380-9951-2DBEA6C68D32}.Debug|Any CPU.Build.0 = Debug|Any CPU
		{9D20E210-5968-4380-9951-2DBEA6C68D32}.Release|Any CPU.ActiveCfg = Release|Any CPU
		{9D20E210-5968-4380-9951-2DBEA6C68D32}.Release|Any CPU.Build.0 = Release|Any CPU
		{C4547258-8BEF-43CB-A914-1645B3E65D1D}.Debug|Any CPU.ActiveCfg = Debug|Any CPU
		{C4547258-8BEF-43CB-A914-1645B3E65D1D}.Debug|Any CPU.Build.0 = Debug|Any CPU
		{C4547258-8BEF-43CB-A914-1645B3E65D1D}.Release|Any CPU.ActiveCfg = Release|Any CPU
		{C4547258-8BEF-43CB-A914-1645B3E65D1D}.Release|Any CPU.Build.0 = Release|Any CPU
		{1CF85548-DBA8-4984-934E-04C2225A4280}.Debug|Any CPU.ActiveCfg = Debug|Any CPU
		{1CF85548-DBA8-4984-934E-04C2225A4280}.Debug|Any CPU.Build.0 = Debug|Any CPU
		{1CF85548-DBA8-4984-934E-04C2225A4280}.Release|Any CPU.ActiveCfg = Release|Any CPU
		{1CF85548-DBA8-4984-934E-04C2225A4280}.Release|Any CPU.Build.0 = Release|Any CPU
	EndGlobalSection
	GlobalSection(SolutionProperties) = preSolution
		HideSolutionNode = FALSE
	EndGlobalSection
	GlobalSection(NestedProjects) = preSolution
		{0258FBBC-2EEA-460F-98F5-983B9D9F395F} = {4BBA996F-D96D-42FD-A466-56113AE3A82F}
		{4FB9BAC9-1CFD-4B44-B317-798CD276CB56} = {0258FBBC-2EEA-460F-98F5-983B9D9F395F}
		{5FBFC00C-675C-44BA-891D-A55DE9AC0A29} = {4BBA996F-D96D-42FD-A466-56113AE3A82F}
		{D37F10C5-53FA-4B91-BE2C-DFF4F3D7A306} = {5FBFC00C-675C-44BA-891D-A55DE9AC0A29}
		{22CAEA9C-5E9D-43F5-A79D-25AEB1A030A3} = {4BBA996F-D96D-42FD-A466-56113AE3A82F}
		{456A937A-158A-4C86-8F51-F60B50014E4A} = {22CAEA9C-5E9D-43F5-A79D-25AEB1A030A3}
		{B9AD7905-E457-4574-B44F-901524C9E42E} = {22CAEA9C-5E9D-43F5-A79D-25AEB1A030A3}
		{7B165B04-22B1-43E6-A310-65C037E433C1} = {4BBA996F-D96D-42FD-A466-56113AE3A82F}
		{6268F0B8-DF8D-43EB-8590-B98588882430} = {7B165B04-22B1-43E6-A310-65C037E433C1}
		{EBF3342E-7922-40BE-A010-4EF26A21EDA1} = {7B165B04-22B1-43E6-A310-65C037E433C1}
		{3C71C5F4-1AFA-4972-A778-21BB3DB462E4} = {7B165B04-22B1-43E6-A310-65C037E433C1}
		{B6823ADF-4F06-49F5-91DB-12091F3F4DEA} = {7B165B04-22B1-43E6-A310-65C037E433C1}
		{9D20E210-5968-4380-9951-2DBEA6C68D32} = {78B88F58-4D09-4572-B4EF-EFC61EEDE869}
		{C4547258-8BEF-43CB-A914-1645B3E65D1D} = {401D4238-AF41-4B64-9564-41B07A1E8BA7}
		{1CF85548-DBA8-4984-934E-04C2225A4280} = {401D4238-AF41-4B64-9564-41B07A1E8BA7}
	EndGlobalSection
	GlobalSection(ExtensibilityGlobals) = postSolution
		SolutionGuid = {5ED6A567-6C5B-418E-B541-B1E36E635480}
	EndGlobalSection
EndGlobal
